{
  "name": "sg-calc",
  "version": "1.0.5",
  "lockfileVersion": 1,
  "requires": true,
  "dependencies": {
    "index": {
      "version": "0.4.0",
      "resolved": "https://registry.npmjs.org/index/-/index-0.4.0.tgz",
      "integrity": "sha1-6aaxyEBPKqi0T1LG7dSAXHDBz3U=",
      "requires": {
        "step": ">= 0.0.4"
      }
    },
    "index.js": {
      "version": "0.0.3",
      "resolved": "https://registry.npmjs.org/index.js/-/index.js-0.0.3.tgz",
      "integrity": "sha1-JzOx9IbciQ7QJpiQJPWC2DXFI6w="
    },
    "step": {
      "version": "1.0.0",
      "resolved": "https://registry.npmjs.org/step/-/step-1.0.0.tgz",
      "integrity": "sha1-swDp0q6QV9TXhjOq4jA4E6lL3/I="
    }
  }
}
